{
  "name": "Censoring",
  "lockfileVersion": 2,
  "requires": true,
  "packages": {
    "": {
      "dependencies": {
        "latinize": "^0.5.0",
        "remove-accents": "^0.4.4",
        "unidecode": "^0.1.8",
        "unorm": "^1.6.0"
      }
    },
    "node_modules/latinize": {
      "version": "0.5.0",
      "resolved": "https://registry.npmjs.org/latinize/-/latinize-0.5.0.tgz",
      "integrity": "sha512-SHzxgdcFP/64lUEfX3183QALY2KdSQxad3gmhCc/b03QN1mbx0AnJWvsQjqoJLbucY9pJuK+NMbnasUIocDmnQ=="
    },
    "node_modules/remove-accents": {
      "version": "0.4.4",
      "resolved": "https://registry.npmjs.org/remove-accents/-/remove-accents-0.4.4.tgz",
      "integrity": "sha512-EpFcOa/ISetVHEXqu+VwI96KZBmq+a8LJnGkaeFw45epGlxIZz5dhEEnNZMsQXgORu3qaMoLX4qJCzOik6ytAg=="
    },
    "node_modules/unidecode": {
      "version": "0.1.8",
      "resolved": "https://registry.npmjs.org/unidecode/-/unidecode-0.1.8.tgz",
      "integrity": "sha512-SdoZNxCWpN2tXTCrGkPF/0rL2HEq+i2gwRG1ReBvx8/0yTzC3enHfugOf8A9JBShVwwrRIkLX0YcDUGbzjbVCA==",
      "engines": {
        "node": ">= 0.4.12"
      }
    },
    "node_modules/unorm": {
      "version": "1.6.0",
      "resolved": "https://registry.npmjs.org/unorm/-/unorm-1.6.0.tgz",
      "integrity": "sha512-b2/KCUlYZUeA7JFUuRJZPUtr4gZvBh7tavtv4fvk4+KV9pfGiR6CQAQAWl49ZpR3ts2dk4FYkP7EIgDJoiOLDA==",
      "engines": {
        "node": ">= 0.4.0"
      }
    }
  },
  "dependencies": {
    "latinize": {
      "version": "0.5.0",
      "resolved": "https://registry.npmjs.org/latinize/-/latinize-0.5.0.tgz",
      "integrity": "sha512-SHzxgdcFP/64lUEfX3183QALY2KdSQxad3gmhCc/b03QN1mbx0AnJWvsQjqoJLbucY9pJuK+NMbnasUIocDmnQ=="
    },
    "remove-accents": {
      "version": "0.4.4",
      "resolved": "https://registry.npmjs.org/remove-accents/-/remove-accents-0.4.4.tgz",
      "integrity": "sha512-EpFcOa/ISetVHEXqu+VwI96KZBmq+a8LJnGkaeFw45epGlxIZz5dhEEnNZMsQXgORu3qaMoLX4qJCzOik6ytAg=="
    },
    "unidecode": {
      "version": "0.1.8",
      "resolved": "https://registry.npmjs.org/unidecode/-/unidecode-0.1.8.tgz",
      "integrity": "sha512-SdoZNxCWpN2tXTCrGkPF/0rL2HEq+i2gwRG1ReBvx8/0yTzC3enHfugOf8A9JBShVwwrRIkLX0YcDUGbzjbVCA=="
    },
    "unorm": {
      "version": "1.6.0",
      "resolved": "https://registry.npmjs.org/unorm/-/unorm-1.6.0.tgz",
      "integrity": "sha512-b2/KCUlYZUeA7JFUuRJZPUtr4gZvBh7tavtv4fvk4+KV9pfGiR6CQAQAWl49ZpR3ts2dk4FYkP7EIgDJoiOLDA=="
    }
  }
}
